// !$*UTF8*$!
{
	archiveVersion = 1;
	classes = {
	};
	objectVersion = 46;
	objects = {

/* Begin PBXBuildFile section */
		3EAFD8BB1A89BB1C0034263F /* AppDelegate.swift in Sources */ = {isa = PBXBuildFile; fileRef = 3EAFD8BA1A89BB1C0034263F /* AppDelegate.swift */; };
		3EAFD8BD1A89BB1C0034263F /* ViewController.swift in Sources */ = {isa = PBXBuildFile; fileRef = 3EAFD8BC1A89BB1C0034263F /* ViewController.swift */; };
		3EAFD8C01A89BB1C0034263F /* Main.storyboard in Resources */ = {isa = PBXBuildFile; fileRef = 3EAFD8BE1A89BB1C0034263F /* Main.storyboard */; };
		3EAFD8C21A89BB1C0034263F /* Images.xcassets in Resources */ = {isa = PBXBuildFile; fileRef = 3EAFD8C11A89BB1C0034263F /* Images.xcassets */; };
		3EAFD8C51A89BB1C0034263F /* LaunchScreen.xib in Resources */ = {isa = PBXBuildFile; fileRef = 3EAFD8C31A89BB1C0034263F /* LaunchScreen.xib */; };
		3EAFD8D11A89BB1C0034263F /* HappinessTests.swift in Sources */ = {isa = PBXBuildFile; fileRef = 3EAFD8D01A89BB1C0034263F /* HappinessTests.swift */; };
/* End PBXBuildFile section */

/* Begin PBXContainerItemProxy section */
		3EAFD8CB1A89BB1C0034263F /* PBXContainerItemProxy */ = {
			isa = PBXContainerItemProxy;
			containerPortal = 3EAFD8AD1A89BB1C0034263F /* Project object */;
			proxyType = 1;
			remoteGlobalIDString = 3EAFD8B41A89BB1C0034263F;
			remoteInfo = Happiness;
		};
/* End PBXContainerItemProxy section */

/* Begin PBXFileReference section */
		3EAFD8B51A89BB1C0034263F /* Happiness.app */ = {isa = PBXFileReference; explicitFileType = wrapper.application; includeInIndex = 0; path = Happiness.app; sourceTree = BUILT_PRODUCTS_DIR; };
		3EAFD8B91A89BB1C0034263F /* Info.plist */ = {isa = PBXFileReference; lastKnownFileType = text.plist.xml; path = Info.plist; sourceTree = "<group>"; };
		3EAFD8BA1A89BB1C0034263F /* AppDelegate.swift */ = {isa = PBXFileReference; lastKnownFileType = sourcecode.swift; path = AppDelegate.swift; sourceTree = "<group>"; };
		3EAFD8BC1A89BB1C0034263F /* ViewController.swift */ = {isa = PBXFileReference; lastKnownFileType = sourcecode.swift; path = ViewController.swift; sourceTree = "<group>"; };
		3EAFD8BF1A89BB1C0034263F /* Base */ = {isa = PBXFileReference; lastKnownFileType = file.storyboard; name = Base; path = Base.lproj/Main.storyboard; sourceTree = "<group>"; };
		3EAFD8C11A89BB1C0034263F /* Images.xcassets */ = {isa = PBXFileReference; lastKnownFileType = folder.assetcatalog; path = Images.xcassets; sourceTree = "<group>"; };
		3EAFD8C41A89BB1C0034263F /* Base */ = {isa = PBXFileReference; lastKnownFileType = file.xib; name = Base; path = Base.lproj/LaunchScreen.xib; sourceTree = "<group>"; };
		3EAFD8CA1A89BB1C0034263F /* HappinessTests.xctest */ = {isa = PBXFileReference; explicitFileType = wrapper.cfbundle; includeInIndex = 0; path = HappinessTests.xctest; sourceTree = BUILT_PRODUCTS_DIR; };
		3EAFD8CF1A89BB1C0034263F /* Info.plist */ = {isa = PBXFileReference; lastKnownFileType = text.plist.xml; path = Info.plist; sourceTree = "<group>"; };
		3EAFD8D01A89BB1C0034263F /* HappinessTests.swift */ = {isa = PBXFileReference; lastKnownFileType = sourcecode.swift; path = HappinessTests.swift; sourceTree = "<group>"; };
/* End PBXFileReference section */

/* Begin PBXFrameworksBuildPhase section */
		3EAFD8B21A89BB1C0034263F /* Frameworks */ = {
			isa = PBXFrameworksBuildPhase;
			buildActionMask = 2147483647;
			files = (
			);
			runOnlyForDeploymentPostprocessing = 0;
		};
		3EAFD8C71A89BB1C0034263F /* Frameworks */ = {
			isa = PBXFrameworksBuildPhase;
			buildActionMask = 2147483647;
			files = (
			);
			runOnlyForDeploymentPostprocessing = 0;
		};
/* End PBXFrameworksBuildPhase section */

/* Begin PBXGroup section */
		3EAFD8AC1A89BB1C0034263F = {
			isa = PBXGroup;
			children = (
				3EAFD8B71A89BB1C0034263F /* Happiness */,
				3EAFD8CD1A89BB1C0034263F /* HappinessTests */,
				3EAFD8B61A89BB1C0034263F /* Products */,
			);
			sourceTree = "<group>";
		};
		3EAFD8B61A89BB1C0034263F /* Products */ = {
			isa = PBXGroup;
			children = (
				3EAFD8B51A89BB1C0034263F /* Happiness.app */,
				3EAFD8CA1A89BB1C0034263F /* HappinessTests.xctest */,
			);
			name = Products;
			sourceTree = "<group>";
		};
		3EAFD8B71A89BB1C0034263F /* Happiness */ = {
			isa = PBXGroup;
			children = (
				3EAFD8BA1A89BB1C0034263F /* AppDelegate.swift */,
				3EAFD8BC1A89BB1C0034263F /* ViewController.swift */,
				3EAFD8BE1A89BB1C0034263F /* Main.storyboard */,
				3EAFD8C11A89BB1C0034263F /* Images.xcassets */,
				3EAFD8C31A89BB1C0034263F /* LaunchScreen.xib */,
				3EAFD8B81A89BB1C0034263F /* Supporting Files */,
			);
			path = Happiness;
			sourceTree = "<group>";
		};
		3EAFD8B81A89BB1C0034263F /* Supporting Files */ = {
			isa = PBXGroup;
			children = (
				3EAFD8B91A89BB1C0034263F /* Info.plist */,
			);
			name = "Supporting Files";
			sourceTree = "<group>";
		};
		3EAFD8CD1A89BB1C0034263F /* HappinessTests */ = {
			isa = PBXGroup;
			children = (
				3EAFD8D01A89BB1C0034263F /* HappinessTests.swift */,
				3EAFD8CE1A89BB1C0034263F /* Supporting Files */,
			);
			path = HappinessTests;
			sourceTree = "<group>";
		};
		3EAFD8CE1A89BB1C0034263F /* Supporting Files */ = {
			isa = PBXGroup;
			children = (
				3EAFD8CF1A89BB1C0034263F /* Info.plist */,
			);
			name = "Supporting Files";
			sourceTree = "<group>";
		};
/* End PBXGroup section */

/* Begin PBXNativeTarget section */
		3EAFD8B41A89BB1C0034263F /* Happiness */ = {
			isa = PBXNativeTarget;
			buildConfigurationList = 3EAFD8D41A89BB1C0034263F /* Build configuration list for PBXNativeTarget "Happiness" */;
			buildPhases = (
				3EAFD8B11A89BB1C0034263F /* Sources */,
				3EAFD8B21A89BB1C0034263F /* Frameworks */,
				3EAFD8B31A89BB1C0034263F /* Resources */,
			);
			buildRules = (
			);
			dependencies = (
			);
			name = Happiness;
			productName = Happiness;
			productReference = 3EAFD8B51A89BB1C0034263F /* Happiness.app */;
			productType = "com.apple.product-type.application";
		};
		3EAFD8C91A89BB1C0034263F /* HappinessTests */ = {
			isa = PBXNativeTarget;
			buildConfigurationList = 3EAFD8D71A89BB1C0034263F /* Build configuration list for PBXNativeTarget "HappinessTests" */;
			buildPhases = (
				3EAFD8C61A89BB1C0034263F /* Sources */,
				3EAFD8C71A89BB1C0034263F /* Frameworks */,
				3EAFD8C81A89BB1C0034263F /* Resources */,
			);
			buildRules = (
			);
			dependencies = (
				3EAFD8CC1A89BB1C0034263F /* PBXTargetDependency */,
			);
			name = HappinessTests;
			productName = HappinessTests;
			productReference = 3EAFD8CA1A89BB1C0034263F /* HappinessTests.xctest */;
			productType = "com.apple.product-type.bundle.unit-test";
		};
/* End PBXNativeTarget section */

/* Begin PBXProject section */
		3EAFD8AD1A89BB1C0034263F /* Project object */ = {
			isa = PBXProject;
			attributes = {
				LastUpgradeCheck = 0610;
				ORGANIZATIONNAME = "Will Hudgins";
				TargetAttributes = {
					3EAFD8B41A89BB1C0034263F = {
						CreatedOnToolsVersion = 6.1.1;
					};
					3EAFD8C91A89BB1C0034263F = {
						CreatedOnToolsVersion = 6.1.1;
						TestTargetID = 3EAFD8B41A89BB1C0034263F;
					};
				};
			};
			buildConfigurationList = 3EAFD8B01A89BB1C0034263F /* Build configuration list for PBXProject "Happiness" */;
			compatibilityVersion = "Xcode 3.2";
			developmentRegion = English;
			hasScannedForEncodings = 0;
			knownRegions = (
				en,
				Base,
			);
			mainGroup = 3EAFD8AC1A89BB1C0034263F;
			productRefGroup = 3EAFD8B61A89BB1C0034263F /* Products */;
			projectDirPath = "";
			projectRoot = "";
			targets = (
				3EAFD8B41A89BB1C0034263F /* Happiness */,
				3EAFD8C91A89BB1C0034263F /* HappinessTests */,
			);
		};
/* End PBXProject section */

/* Begin PBXResourcesBuildPhase section */
		3EAFD8B31A89BB1C0034263F /* Resources */ = {
			isa = PBXResourcesBuildPhase;
			buildActionMask = 2147483647;
			files = (
				3EAFD8C01A89BB1C0034263F /* Main.storyboard in Resources */,
				3EAFD8C51A89BB1C0034263F /* LaunchScreen.xib in Resources */,
				3EAFD8C21A89BB1C0034263F /* Images.xcassets in Resources */,
			);
			runOnlyForDeploymentPostprocessing = 0;
		};
		3EAFD8C81A89BB1C0034263F /* Resources */ = {
			isa = PBXResourcesBuildPhase;
			buildActionMask = 2147483647;
			files = (
			);
			runOnlyForDeploymentPostprocessing = 0;
		};
/* End PBXResourcesBuildPhase section */

/* Begin PBXSourcesBuildPhase section */
		3EAFD8B11A89BB1C0034263F /* Sources */ = {
			isa = PBXSourcesBuildPhase;
			buildActionMask = 2147483647;
			files = (
				3EAFD8BD1A89BB1C0034263F /* ViewController.swift in Sources */,
				3EAFD8BB1A89BB1C0034263F /* AppDelegate.swift in Sources */,
			);
			runOnlyForDeploymentPostprocessing = 0;
		};
		3EAFD8C61A89BB1C0034263F /* Sources */ = {
			isa = PBXSourcesBuildPhase;
			buildActionMask = 2147483647;
			files = (
				3EAFD8D11A89BB1C0034263F /* HappinessTests.swift in Sources */,
			);
			runOnlyForDeploymentPostprocessing = 0;
		};
/* End PBXSourcesBuildPhase section */

/* Begin PBXTargetDependency section */
		3EAFD8CC1A89BB1C0034263F /* PBXTargetDependency */ = {
			isa = PBXTargetDependency;
			target = 3EAFD8B41A89BB1C0034263F /* Happiness */;
			targetProxy = 3EAFD8CB1A89BB1C0034263F /* PBXContainerItemProxy */;
		};
/* End PBXTargetDependency section */

/* Begin PBXVariantGroup section */
		3EAFD8BE1A89BB1C0034263F /* Main.storyboard */ = {
			isa = PBXVariantGroup;
			children = (
				3EAFD8BF1A89BB1C0034263F /* Base */,
			);
			name = Main.storyboard;
			sourceTree = "<group>";
		};
		3EAFD8C31A89BB1C0034263F /* LaunchScreen.xib */ = {
			isa = PBXVariantGroup;
			children = (
				3EAFD8C41A89BB1C0034263F /* Base */,
			);
			name = LaunchScreen.xib;
			sourceTree = "<group>";
		};
/* End PBXVariantGroup section */

/* Begin XCBuildConfiguration section */
		3EAFD8D21A89BB1C0034263F /* Debug */ = {
			isa = XCBuildConfiguration;
			buildSettings = {
				ALWAYS_SEARCH_USER_PATHS = NO;
				CLANG_CXX_LANGUAGE_STANDARD = "gnu++0x";
				CLANG_CXX_LIBRARY = "libc++";
				CLANG_ENABLE_MODULES = YES;
				CLANG_ENABLE_OBJC_ARC = YES;
				CLANG_WARN_BOOL_CONVERSION = YES;
				CLANG_WARN_CONSTANT_CONVERSION = YES;
				CLANG_WARN_DIRECT_OBJC_ISA_USAGE = YES_ERROR;
				CLANG_WARN_EMPTY_BODY = YES;
				CLANG_WARN_ENUM_CONVERSION = YES;
				CLANG_WARN_INT_CONVERSION = YES;
				CLANG_WARN_OBJC_ROOT_CLASS = YES_ERROR;
				CLANG_WARN_UNREACHABLE_CODE = YES;
				CLANG_WARN__DUPLICATE_METHOD_MATCH = YES;
				"CODE_SIGN_IDENTITY[sdk=iphoneos*]" = "iPhone Developer";
				COPY_PHASE_STRIP = NO;
				ENABLE_STRICT_OBJC_MSGSEND = YES;
				GCC_C_LANGUAGE_STANDARD = gnu99;
				GCC_DYNAMIC_NO_PIC = NO;
				GCC_OPTIMIZATION_LEVEL = 0;
				GCC_PREPROCESSOR_DEFINITIONS = (
					"DEBUG=1",
					"$(inherited)",
				);
				GCC_SYMBOLS_PRIVATE_EXTERN = NO;
				GCC_WARN_64_TO_32_BIT_CONVERSION = YES;
				GCC_WARN_ABOUT_RETURN_TYPE = YES_ERROR;
				GCC_WARN_UNDECLARED_SELECTOR = YES;
				GCC_WARN_UNINITIALIZED_AUTOS = YES_AGGRESSIVE;
				GCC_WARN_UNUSED_FUNCTION = YES;
				GCC_WARN_UNUSED_VARIABLE = YES;
				IPHONEOS_DEPLOYMENT_TARGET = 8.1;
				MTL_ENABLE_DEBUG_INFO = YES;
				ONLY_ACTIVE_ARCH = YES;
				SDKROOT = iphoneos;
				SWIFT_OPTIMIZATION_LEVEL = "-Onone";
				TARGETED_DEVICE_FAMILY = "1,2";
			};
			name = Debug;
		};
		3EAFD8D31A89BB1C0034263F /* Release */ = {
			isa = XCBuildConfiguration;
			buildSettings = {
				ALWAYS_SEARCH_USER_PATHS = NO;
				CLANG_CXX_LANGUAGE_STANDARD = "gnu++0x";
				CLANG_CXX_LIBRARY = "libc++";
				CLANG_ENABLE_MODULES = YES;
				CLANG_ENABLE_OBJC_ARC = YES;
				CLANG_WARN_BOOL_CONVERSION = YES;
				CLANG_WARN_CONSTANT_CONVERSION = YES;
				CLANG_WARN_DIRECT_OBJC_ISA_USAGE = YES_ERROR;
				CLANG_WARN_EMPTY_BODY = YES;
				CLANG_WARN_ENUM_CONVERSION = YES;
				CLANG_WARN_INT_CONVERSION = YES;
				CLANG_WARN_OBJC_ROOT_CLASS = YES_ERROR;
				CLANG_WARN_UNREACHABLE_CODE = YES;
				CLANG_WARN__DUPLICATE_METHOD_MATCH = YES;
				"CODE_SIGN_IDENTITY[sdk=iphoneos*]" = "iPhone Developer";
				COPY_PHASE_STRIP = YES;
				ENABLE_NS_ASSERTIONS = NO;
				ENABLE_STRICT_OBJC_MSGSEND = YES;
				GCC_C_LANGUAGE_STANDARD = gnu99;
				GCC_WARN_64_TO_32_BIT_CONVERSION = YES;
				GCC_WARN_ABOUT_RETURN_TYPE = YES_ERROR;
				GCC_WARN_UNDECLARED_SELECTOR = YES;
				GCC_WARN_UNINITIALIZED_AUTOS = YES_AGGRESSIVE;
				GCC_WARN_UNUSED_FUNCTION = YES;
				GCC_WARN_UNUSED_VARIABLE = YES;
				IPHONEOS_DEPLOYMENT_TARGET = 8.1;
				MTL_ENABLE_DEBUG_INFO = NO;
				SDKROOT = iphoneos;
				TARGETED_DEVICE_FAMILY = "1,2";
				VALIDATE_PRODUCT = YES;
			};
			name = Release;
		};
		3EAFD8D51A89BB1C0034263F /* Debug */ = {
			isa = XCBuildConfiguration;
			buildSettings = {
				ASSETCATALOG_COMPILER_APPICON_NAME = AppIcon;
				INFOPLIST_FILE = Happiness/Info.plist;
				LD_RUNPATH_SEARCH_PATHS = "$(inherited) @executable_path/Frameworks";
				PRODUCT_NAME = "$(TARGET_NAME)";
			};
			name = Debug;
		};
		3EAFD8D61A89BB1C0034263F /* Release */ = {
			isa = XCBuildConfiguration;
			buildSettings = {
				ASSETCATALOG_COMPILER_APPICON_NAME = AppIcon;
				INFOPLIST_FILE = Happiness/Info.plist;
				LD_RUNPATH_SEARCH_PATHS = "$(inherited) @executable_path/Frameworks";
				PRODUCT_NAME = "$(TARGET_NAME)";
			};
			name = Release;
		};
		3EAFD8D81A89BB1C0034263F /* Debug */ = {
			isa = XCBuildConfiguration;
			buildSettings = {
				BUNDLE_LOADER = "$(TEST_HOST)";
				FRAMEWORK_SEARCH_PATHS = (
					"$(SDKROOT)/Developer/Library/Frameworks",
					"$(inherited)",
				);
				GCC_PREPROCESSOR_DEFINITIONS = (
					"DEBUG=1",
					"$(inherited)",
				);
				INFOPLIST_FILE = HappinessTests/Info.plist;
				LD_RUNPATH_SEARCH_PATHS = "$(inherited) @executable_path/Frameworks @loader_path/Frameworks";
				PRODUCT_NAME = "$(TARGET_NAME)";
				TEST_HOST = "$(BUILT_PRODUCTS_DIR)/Happiness.app/Happiness";
			};
			name = Debug;
		};
		3EAFD8D91A89BB1C0034263F /* Release */ = {
			isa = XCBuildConfiguration;
			buildSettings = {
				BUNDLE_LOADER = "$(TEST_HOST)";
				FRAMEWORK_SEARCH_PATHS = (
					"$(SDKROOT)/Developer/Library/Frameworks",
					"$(inherited)",
				);
				INFOPLIST_FILE = HappinessTests/Info.plist;
				LD_RUNPATH_SEARCH_PATHS = "$(inherited) @executable_path/Frameworks @loader_path/Frameworks";
				PRODUCT_NAME = "$(TARGET_NAME)";
				TEST_HOST = "$(BUILT_PRODUCTS_DIR)/Happiness.app/Happiness";
			};
			name = Release;
		};
/* End XCBuildConfiguration section */

/* Begin XCConfigurationList section */
		3EAFD8B01A89BB1C0034263F /* Build configuration list for PBXProject "Happiness" */ = {
			isa = XCConfigurationList;
			buildConfigurations = (
				3EAFD8D21A89BB1C0034263F /* Debug */,
				3EAFD8D31A89BB1C0034263F /* Release */,
			);
			defaultConfigurationIsVisible = 0;
			defaultConfigurationName = Release;
		};
		3EAFD8D41A89BB1C0034263F /* Build configuration list for PBXNativeTarget "Happiness" */ = {
			isa = XCConfigurationList;
			buildConfigurations = (
				3EAFD8D51A89BB1C0034263F /* Debug */,
				3EAFD8D61A89BB1C0034263F /* Release */,
			);
			defaultConfigurationIsVisible = 0;
		};
		3EAFD8D71A89BB1C0034263F /* Build configuration list for PBXNativeTarget "HappinessTests" */ = {
			isa = XCConfigurationList;
			buildConfigurations = (
				3EAFD8D81A89BB1C0034263F /* Debug */,
				3EAFD8D91A89BB1C0034263F /* Release */,
			);
			defaultConfigurationIsVisible = 0;
		};
/* End XCConfigurationList section */
	};
	rootObject = 3EAFD8AD1A89BB1C0034263F /* Project object */;
}
